
Microsoft Visual Studio Solution File, Format Version 12.00
# Visual Studio Version 17
VisualStudioVersion = 17.9.34616.47
MinimumVisualStudioVersion = 10.0.40219.1
Project("{FAE04EC0-301F-11D3-BF4B-00C04F79EFBC}") = "tpmodul4_1302220048", "tpmodul4_1302220048\tpmodul4_1302220048.csproj", "{6F6EB1E5-1CFC-4592-A6F2-3D36E3F4E3D7}"
EndProject
Global
	GlobalSection(SolutionConfigurationPlatforms) = preSolution
		Debug|Any CPU = Debug|Any CPU
		Release|Any CPU = Release|Any CPU
	EndGlobalSection
	GlobalSection(ProjectConfigurationPlatforms) = postSolution
		{6F6EB1E5-1CFC-4592-A6F2-3D36E3F4E3D7}.Debug|Any CPU.ActiveCfg = Debug|Any CPU
		{6F6EB1E5-1CFC-4592-A6F2-3D36E3F4E3D7}.Debug|Any CPU.Build.0 = Debug|Any CPU
		{6F6EB1E5-1CFC-4592-A6F2-3D36E3F4E3D7}.Release|Any CPU.ActiveCfg = Release|Any CPU
		{6F6EB1E5-1CFC-4592-A6F2-3D36E3F4E3D7}.Release|Any CPU.Build.0 = Release|Any CPU
	EndGlobalSection
	GlobalSection(SolutionProperties) = preSolution
		HideSolutionNode = FALSE
	EndGlobalSection
	GlobalSection(ExtensibilityGlobals) = postSolution
		SolutionGuid = {19B63B0F-EA6D-4C5F-8676-EAC7C34257EF}
	EndGlobalSection
EndGlobal
